
Microsoft Visual Studio Solution File, Format Version 12.00
# Visual Studio Version 16
VisualStudioVersion = 16.0.29306.81
MinimumVisualStudioVersion = 10.0.40219.1
Project("{FAE04EC0-301F-11D3-BF4B-00C04F79EFBC}") = "Triangulo3PP", "Triangulo3PP\Triangulo3PP.csproj", "{D317A0FD-1E22-4D24-B8E5-D4F896C4133B}"
EndProject
Global
	GlobalSection(SolutionConfigurationPlatforms) = preSolution
		Debug|Any CPU = Debug|Any CPU
		Release|Any CPU = Release|Any CPU
	EndGlobalSection
	GlobalSection(ProjectConfigurationPlatforms) = postSolution
		{D317A0FD-1E22-4D24-B8E5-D4F896C4133B}.Debug|Any CPU.ActiveCfg = Debug|Any CPU
		{D317A0FD-1E22-4D24-B8E5-D4F896C4133B}.Debug|Any CPU.Build.0 = Debug|Any CPU
		{D317A0FD-1E22-4D24-B8E5-D4F896C4133B}.Release|Any CPU.ActiveCfg = Release|Any CPU
		{D317A0FD-1E22-4D24-B8E5-D4F896C4133B}.Release|Any CPU.Build.0 = Release|Any CPU
	EndGlobalSection
	GlobalSection(SolutionProperties) = preSolution
		HideSolutionNode = FALSE
	EndGlobalSection
	GlobalSection(ExtensibilityGlobals) = postSolution
		SolutionGuid = {FB300E22-3241-4FFE-9109-C465432FC4A8}
	EndGlobalSection
EndGlobal
